// !$*UTF8*$!
{
	archiveVersion = 1;
	classes = {
	};
	objectVersion = 50;
	objects = {

/* Begin PBXBuildFile section */
		786A154E21095F9000579785 /* AppDelegate.m in Sources */ = {isa = PBXBuildFile; fileRef = 786A154D21095F9000579785 /* AppDelegate.m */; };
		786A155121095F9000579785 /* ViewController.m in Sources */ = {isa = PBXBuildFile; fileRef = 786A155021095F9000579785 /* ViewController.m */; };
		786A155421095F9000579785 /* Main.storyboard in Resources */ = {isa = PBXBuildFile; fileRef = 786A155221095F9000579785 /* Main.storyboard */; };
		786A155621095F9100579785 /* Assets.xcassets in Resources */ = {isa = PBXBuildFile; fileRef = 786A155521095F9100579785 /* Assets.xcassets */; };
		786A155921095F9100579785 /* LaunchScreen.storyboard in Resources */ = {isa = PBXBuildFile; fileRef = 786A155721095F9100579785 /* LaunchScreen.storyboard */; };
		786A155C21095F9100579785 /* main.m in Sources */ = {isa = PBXBuildFile; fileRef = 786A155B21095F9100579785 /* main.m */; };
		786A159D210B22E100579785 /* JXVideoPlayMenu.m in Sources */ = {isa = PBXBuildFile; fileRef = 786A159C210B22E100579785 /* JXVideoPlayMenu.m */; };
		7897F800222405BE00453ABD /* JXVideoView+OperationButton.m in Sources */ = {isa = PBXBuildFile; fileRef = 7897F7D7222405BD00453ABD /* JXVideoView+OperationButton.m */; };
		7897F801222405BE00453ABD /* JXVideoView+CoverView.m in Sources */ = {isa = PBXBuildFile; fileRef = 7897F7DB222405BD00453ABD /* JXVideoView+CoverView.m */; };
		7897F802222405BE00453ABD /* JXVideoView+PlayControl.m in Sources */ = {isa = PBXBuildFile; fileRef = 7897F7DE222405BD00453ABD /* JXVideoView+PlayControl.m */; };
		7897F803222405BE00453ABD /* JXVideoView+PlayControlPrivate.m in Sources */ = {isa = PBXBuildFile; fileRef = 7897F7E1222405BD00453ABD /* JXVideoView+PlayControlPrivate.m */; };
		7897F804222405BE00453ABD /* JXVideoView+MenuView.m in Sources */ = {isa = PBXBuildFile; fileRef = 7897F7E5222405BD00453ABD /* JXVideoView+MenuView.m */; };
		7897F805222405BE00453ABD /* JXVideoView+Time.m in Sources */ = {isa = PBXBuildFile; fileRef = 7897F7E7222405BD00453ABD /* JXVideoView+Time.m */; };
		7897F806222405BE00453ABD /* JXVideoView+PrepareLoading.m in Sources */ = {isa = PBXBuildFile; fileRef = 7897F7EA222405BD00453ABD /* JXVideoView+PrepareLoading.m */; };
		7897F807222405BE00453ABD /* JXVideoView+FullScreen.m in Sources */ = {isa = PBXBuildFile; fileRef = 7897F7ED222405BD00453ABD /* JXVideoView+FullScreen.m */; };
		7897F808222405BE00453ABD /* AVAsset+JXVideoView.m in Sources */ = {isa = PBXBuildFile; fileRef = 7897F7F1222405BD00453ABD /* AVAsset+JXVideoView.m */; };
		7897F809222405BE00453ABD /* UIPanGestureRecognizer+SliderDirection.m in Sources */ = {isa = PBXBuildFile; fileRef = 7897F7F3222405BD00453ABD /* UIPanGestureRecognizer+SliderDirection.m */; };
		7897F80A222405BE00453ABD /* JXVideoView.m in Sources */ = {isa = PBXBuildFile; fileRef = 7897F7F9222405BD00453ABD /* JXVideoView.m */; };
		7897F80B222405BE00453ABD /* JXVideoPlayerLoadingIndicator.m in Sources */ = {isa = PBXBuildFile; fileRef = 7897F7FB222405BD00453ABD /* JXVideoPlayerLoadingIndicator.m */; };
		7897F80C222405BE00453ABD /* JXWeakProxy.m in Sources */ = {isa = PBXBuildFile; fileRef = 7897F7FD222405BD00453ABD /* JXWeakProxy.m */; };
		7897F80F2224070500453ABD /* JXGestureSeekProgressView.m in Sources */ = {isa = PBXBuildFile; fileRef = 7897F80E2224070500453ABD /* JXGestureSeekProgressView.m */; };
		7897F812222409B400453ABD /* NSString+Extension.m in Sources */ = {isa = PBXBuildFile; fileRef = 7897F811222409B400453ABD /* NSString+Extension.m */; };
		7897F81622240CCB00453ABD /* UIApplication+TopViewController.m in Sources */ = {isa = PBXBuildFile; fileRef = 7897F81522240CCB00453ABD /* UIApplication+TopViewController.m */; };
		78AEA3BC36AA359BA89B6DEF /* libPods-JXVideoPlayer.a in Frameworks */ = {isa = PBXBuildFile; fileRef = 96F0358982D28B390721ACBF /* libPods-JXVideoPlayer.a */; };
/* End PBXBuildFile section */

/* Begin PBXFileReference section */
		34141D2F29534EB5DA1EA243 /* Pods-JXVideoPlayer.release.xcconfig */ = {isa = PBXFileReference; includeInIndex = 1; lastKnownFileType = text.xcconfig; name = "Pods-JXVideoPlayer.release.xcconfig"; path = "Pods/Target Support Files/Pods-JXVideoPlayer/Pods-JXVideoPlayer.release.xcconfig"; sourceTree = "<group>"; };
		786A154921095F9000579785 /* JXVideoPlayer.app */ = {isa = PBXFileReference; explicitFileType = wrapper.application; includeInIndex = 0; path = JXVideoPlayer.app; sourceTree = BUILT_PRODUCTS_DIR; };
		786A154C21095F9000579785 /* AppDelegate.h */ = {isa = PBXFileReference; lastKnownFileType = sourcecode.c.h; path = AppDelegate.h; sourceTree = "<group>"; };
		786A154D21095F9000579785 /* AppDelegate.m */ = {isa = PBXFileReference; lastKnownFileType = sourcecode.c.objc; path = AppDelegate.m; sourceTree = "<group>"; };
		786A154F21095F9000579785 /* ViewController.h */ = {isa = PBXFileReference; lastKnownFileType = sourcecode.c.h; path = ViewController.h; sourceTree = "<group>"; };
		786A155021095F9000579785 /* ViewController.m */ = {isa = PBXFileReference; lastKnownFileType = sourcecode.c.objc; path = ViewController.m; sourceTree = "<group>"; };
		786A155321095F9000579785 /* Base */ = {isa = PBXFileReference; lastKnownFileType = file.storyboard; name = Base; path = Base.lproj/Main.storyboard; sourceTree = "<group>"; };
		786A155521095F9100579785 /* Assets.xcassets */ = {isa = PBXFileReference; lastKnownFileType = folder.assetcatalog; path = Assets.xcassets; sourceTree = "<group>"; };
		786A155821095F9100579785 /* Base */ = {isa = PBXFileReference; lastKnownFileType = file.storyboard; name = Base; path = Base.lproj/LaunchScreen.storyboard; sourceTree = "<group>"; };
		786A155A21095F9100579785 /* Info.plist */ = {isa = PBXFileReference; lastKnownFileType = text.plist.xml; path = Info.plist; sourceTree = "<group>"; };
		786A155B21095F9100579785 /* main.m */ = {isa = PBXFileReference; lastKnownFileType = sourcecode.c.objc; path = main.m; sourceTree = "<group>"; };
		786A159B210B22E100579785 /* JXVideoPlayMenu.h */ = {isa = PBXFileReference; lastKnownFileType = sourcecode.c.h; path = JXVideoPlayMenu.h; sourceTree = "<group>"; };
		786A159C210B22E100579785 /* JXVideoPlayMenu.m */ = {isa = PBXFileReference; lastKnownFileType = sourcecode.c.objc; path = JXVideoPlayMenu.m; sourceTree = "<group>"; };
		7897F7D7222405BD00453ABD /* JXVideoView+OperationButton.m */ = {isa = PBXFileReference; fileEncoding = 4; lastKnownFileType = sourcecode.c.objc; path = "JXVideoView+OperationButton.m"; sourceTree = "<group>"; };
		7897F7D8222405BD00453ABD /* JXVideoView+OperationButton.h */ = {isa = PBXFileReference; fileEncoding = 4; lastKnownFileType = sourcecode.c.h; path = "JXVideoView+OperationButton.h"; sourceTree = "<group>"; };
		7897F7DA222405BD00453ABD /* JXVideoView+CoverView.h */ = {isa = PBXFileReference; fileEncoding = 4; lastKnownFileType = sourcecode.c.h; path = "JXVideoView+CoverView.h"; sourceTree = "<group>"; };
		7897F7DB222405BD00453ABD /* JXVideoView+CoverView.m */ = {isa = PBXFileReference; fileEncoding = 4; lastKnownFileType = sourcecode.c.objc; path = "JXVideoView+CoverView.m"; sourceTree = "<group>"; };
		7897F7DE222405BD00453ABD /* JXVideoView+PlayControl.m */ = {isa = PBXFileReference; fileEncoding = 4; lastKnownFileType = sourcecode.c.objc; path = "JXVideoView+PlayControl.m"; sourceTree = "<group>"; };
		7897F7DF222405BD00453ABD /* JXVideoView+PlayControl.h */ = {isa = PBXFileReference; fileEncoding = 4; lastKnownFileType = sourcecode.c.h; path = "JXVideoView+PlayControl.h"; sourceTree = "<group>"; };
		7897F7E1222405BD00453ABD /* JXVideoView+PlayControlPrivate.m */ = {isa = PBXFileReference; fileEncoding = 4; lastKnownFileType = sourcecode.c.objc; path = "JXVideoView+PlayControlPrivate.m"; sourceTree = "<group>"; };
		7897F7E2222405BD00453ABD /* JXVideoView+PlayControlPrivate.h */ = {isa = PBXFileReference; fileEncoding = 4; lastKnownFileType = sourcecode.c.h; path = "JXVideoView+PlayControlPrivate.h"; sourceTree = "<group>"; };
		7897F7E4222405BD00453ABD /* JXVideoView+MenuView.h */ = {isa = PBXFileReference; fileEncoding = 4; lastKnownFileType = sourcecode.c.h; path = "JXVideoView+MenuView.h"; sourceTree = "<group>"; };
		7897F7E5222405BD00453ABD /* JXVideoView+MenuView.m */ = {isa = PBXFileReference; fileEncoding = 4; lastKnownFileType = sourcecode.c.objc; path = "JXVideoView+MenuView.m"; sourceTree = "<group>"; };
		7897F7E7222405BD00453ABD /* JXVideoView+Time.m */ = {isa = PBXFileReference; fileEncoding = 4; lastKnownFileType = sourcecode.c.objc; path = "JXVideoView+Time.m"; sourceTree = "<group>"; };
		7897F7E8222405BD00453ABD /* JXVideoView+Time.h */ = {isa = PBXFileReference; fileEncoding = 4; lastKnownFileType = sourcecode.c.h; path = "JXVideoView+Time.h"; sourceTree = "<group>"; };
		7897F7EA222405BD00453ABD /* JXVideoView+PrepareLoading.m */ = {isa = PBXFileReference; fileEncoding = 4; lastKnownFileType = sourcecode.c.objc; path = "JXVideoView+PrepareLoading.m"; sourceTree = "<group>"; };
		7897F7EB222405BD00453ABD /* JXVideoView+PrepareLoading.h */ = {isa = PBXFileReference; fileEncoding = 4; lastKnownFileType = sourcecode.c.h; path = "JXVideoView+PrepareLoading.h"; sourceTree = "<group>"; };
		7897F7ED222405BD00453ABD /* JXVideoView+FullScreen.m */ = {isa = PBXFileReference; fileEncoding = 4; lastKnownFileType = sourcecode.c.objc; path = "JXVideoView+FullScreen.m"; sourceTree = "<group>"; };
		7897F7EE222405BD00453ABD /* JXVideoView+FullScreen.h */ = {isa = PBXFileReference; fileEncoding = 4; lastKnownFileType = sourcecode.c.h; path = "JXVideoView+FullScreen.h"; sourceTree = "<group>"; };
		7897F7F0222405BD00453ABD /* AVAsset+JXVideoView.h */ = {isa = PBXFileReference; fileEncoding = 4; lastKnownFileType = sourcecode.c.h; path = "AVAsset+JXVideoView.h"; sourceTree = "<group>"; };
		7897F7F1222405BD00453ABD /* AVAsset+JXVideoView.m */ = {isa = PBXFileReference; fileEncoding = 4; lastKnownFileType = sourcecode.c.objc; path = "AVAsset+JXVideoView.m"; sourceTree = "<group>"; };
		7897F7F3222405BD00453ABD /* UIPanGestureRecognizer+SliderDirection.m */ = {isa = PBXFileReference; fileEncoding = 4; lastKnownFileType = sourcecode.c.objc; path = "UIPanGestureRecognizer+SliderDirection.m"; sourceTree = "<group>"; };
		7897F7F4222405BD00453ABD /* UIPanGestureRecognizer+SliderDirection.h */ = {isa = PBXFileReference; fileEncoding = 4; lastKnownFileType = sourcecode.c.h; path = "UIPanGestureRecognizer+SliderDirection.h"; sourceTree = "<group>"; };
		7897F7F6222405BD00453ABD /* JXWeakProxy.h */ = {isa = PBXFileReference; fileEncoding = 4; lastKnownFileType = sourcecode.c.h; path = JXWeakProxy.h; sourceTree = "<group>"; };
		7897F7F8222405BD00453ABD /* JXVideoView.h */ = {isa = PBXFileReference; fileEncoding = 4; lastKnownFileType = sourcecode.c.h; path = JXVideoView.h; sourceTree = "<group>"; };
		7897F7F9222405BD00453ABD /* JXVideoView.m */ = {isa = PBXFileReference; fileEncoding = 4; lastKnownFileType = sourcecode.c.objc; path = JXVideoView.m; sourceTree = "<group>"; };
		7897F7FB222405BD00453ABD /* JXVideoPlayerLoadingIndicator.m */ = {isa = PBXFileReference; fileEncoding = 4; lastKnownFileType = sourcecode.c.objc; path = JXVideoPlayerLoadingIndicator.m; sourceTree = "<group>"; };
		7897F7FC222405BD00453ABD /* JXVideoPlayerLoadingIndicator.h */ = {isa = PBXFileReference; fileEncoding = 4; lastKnownFileType = sourcecode.c.h; path = JXVideoPlayerLoadingIndicator.h; sourceTree = "<group>"; };
		7897F7FD222405BD00453ABD /* JXWeakProxy.m */ = {isa = PBXFileReference; fileEncoding = 4; lastKnownFileType = sourcecode.c.objc; path = JXWeakProxy.m; sourceTree = "<group>"; };
		7897F7FE222405BE00453ABD /* JXVideoPlayer.h */ = {isa = PBXFileReference; fileEncoding = 4; lastKnownFileType = sourcecode.c.h; path = JXVideoPlayer.h; sourceTree = "<group>"; };
		7897F7FF222405BE00453ABD /* JXVideoPlayerDefines.h */ = {isa = PBXFileReference; fileEncoding = 4; lastKnownFileType = sourcecode.c.h; path = JXVideoPlayerDefines.h; sourceTree = "<group>"; };
		7897F80D2224070500453ABD /* JXGestureSeekProgressView.h */ = {isa = PBXFileReference; lastKnownFileType = sourcecode.c.h; path = JXGestureSeekProgressView.h; sourceTree = "<group>"; };
		7897F80E2224070500453ABD /* JXGestureSeekProgressView.m */ = {isa = PBXFileReference; lastKnownFileType = sourcecode.c.objc; path = JXGestureSeekProgressView.m; sourceTree = "<group>"; };
		7897F810222409B400453ABD /* NSString+Extension.h */ = {isa = PBXFileReference; lastKnownFileType = sourcecode.c.h; path = "NSString+Extension.h"; sourceTree = "<group>"; };
		7897F811222409B400453ABD /* NSString+Extension.m */ = {isa = PBXFileReference; lastKnownFileType = sourcecode.c.objc; path = "NSString+Extension.m"; sourceTree = "<group>"; };
		7897F81422240CCB00453ABD /* UIApplication+TopViewController.h */ = {isa = PBXFileReference; lastKnownFileType = sourcecode.c.h; path = "UIApplication+TopViewController.h"; sourceTree = "<group>"; };
		7897F81522240CCB00453ABD /* UIApplication+TopViewController.m */ = {isa = PBXFileReference; lastKnownFileType = sourcecode.c.objc; path = "UIApplication+TopViewController.m"; sourceTree = "<group>"; };
		96F0358982D28B390721ACBF /* libPods-JXVideoPlayer.a */ = {isa = PBXFileReference; explicitFileType = archive.ar; includeInIndex = 0; path = "libPods-JXVideoPlayer.a"; sourceTree = BUILT_PRODUCTS_DIR; };
		A4D4E046BC53C66A70151BBF /* Pods-JXVideoPlayer.debug.xcconfig */ = {isa = PBXFileReference; includeInIndex = 1; lastKnownFileType = text.xcconfig; name = "Pods-JXVideoPlayer.debug.xcconfig"; path = "Pods/Target Support Files/Pods-JXVideoPlayer/Pods-JXVideoPlayer.debug.xcconfig"; sourceTree = "<group>"; };
/* End PBXFileReference section */

/* Begin PBXFrameworksBuildPhase section */
		786A154621095F9000579785 /* Frameworks */ = {
			isa = PBXFrameworksBuildPhase;
			buildActionMask = 2147483647;
			files = (
				78AEA3BC36AA359BA89B6DEF /* libPods-JXVideoPlayer.a in Frameworks */,
			);
			runOnlyForDeploymentPostprocessing = 0;
		};
/* End PBXFrameworksBuildPhase section */

/* Begin PBXGroup section */
		0E43D5B371D50D004A5695F0 /* Frameworks */ = {
			isa = PBXGroup;
			children = (
				96F0358982D28B390721ACBF /* libPods-JXVideoPlayer.a */,
			);
			name = Frameworks;
			sourceTree = "<group>";
		};
		412003CF97C19947BE0E7663 /* Pods */ = {
			isa = PBXGroup;
			children = (
				A4D4E046BC53C66A70151BBF /* Pods-JXVideoPlayer.debug.xcconfig */,
				34141D2F29534EB5DA1EA243 /* Pods-JXVideoPlayer.release.xcconfig */,
			);
			name = Pods;
			sourceTree = "<group>";
		};
		786A154021095F9000579785 = {
			isa = PBXGroup;
			children = (
				786A154B21095F9000579785 /* JXVideoPlayer */,
				786A154A21095F9000579785 /* Products */,
				412003CF97C19947BE0E7663 /* Pods */,
				0E43D5B371D50D004A5695F0 /* Frameworks */,
			);
			sourceTree = "<group>";
		};
		786A154A21095F9000579785 /* Products */ = {
			isa = PBXGroup;
			children = (
				786A154921095F9000579785 /* JXVideoPlayer.app */,
			);
			name = Products;
			sourceTree = "<group>";
		};
		786A154B21095F9000579785 /* JXVideoPlayer */ = {
			isa = PBXGroup;
			children = (
				7897F813222409BE00453ABD /* Helper */,
				786A159A210B229C00579785 /* View */,
				786A15622109614100579785 /* JXVideoPlayer */,
				786A154C21095F9000579785 /* AppDelegate.h */,
				786A154D21095F9000579785 /* AppDelegate.m */,
				786A154F21095F9000579785 /* ViewController.h */,
				786A155021095F9000579785 /* ViewController.m */,
				786A155221095F9000579785 /* Main.storyboard */,
				786A155521095F9100579785 /* Assets.xcassets */,
				786A155721095F9100579785 /* LaunchScreen.storyboard */,
				786A155A21095F9100579785 /* Info.plist */,
				786A155B21095F9100579785 /* main.m */,
			);
			path = JXVideoPlayer;
			sourceTree = "<group>";
		};
		786A15622109614100579785 /* JXVideoPlayer */ = {
			isa = PBXGroup;
			children = (
				7897F7D4222405BD00453ABD /* Category */,
				7897F7F5222405BD00453ABD /* Components */,
				7897F7FE222405BE00453ABD /* JXVideoPlayer.h */,
				7897F7FF222405BE00453ABD /* JXVideoPlayerDefines.h */,
			);
			path = JXVideoPlayer;
			sourceTree = "<group>";
		};
		786A159A210B229C00579785 /* View */ = {
			isa = PBXGroup;
			children = (
				786A159B210B22E100579785 /* JXVideoPlayMenu.h */,
				786A159C210B22E100579785 /* JXVideoPlayMenu.m */,
				7897F80D2224070500453ABD /* JXGestureSeekProgressView.h */,
				7897F80E2224070500453ABD /* JXGestureSeekProgressView.m */,
			);
			path = View;
			sourceTree = "<group>";
		};
		7897F7D4222405BD00453ABD /* Category */ = {
			isa = PBXGroup;
			children = (
				7897F7D5222405BD00453ABD /* JXVideoView */,
				7897F7EF222405BD00453ABD /* AVAseet */,
				7897F7F2222405BD00453ABD /* Gesture */,
			);
			path = Category;
			sourceTree = "<group>";
		};
		7897F7D5222405BD00453ABD /* JXVideoView */ = {
			isa = PBXGroup;
			children = (
				7897F7D6222405BD00453ABD /* OperationButton */,
				7897F7D9222405BD00453ABD /* CoverView */,
				7897F7DC222405BD00453ABD /* PlayControl */,
				7897F7E3222405BD00453ABD /* MenuView */,
				7897F7E6222405BD00453ABD /* Time */,
				7897F7E9222405BD00453ABD /* PrepareLoading */,
				7897F7EC222405BD00453ABD /* FullScreen */,
			);
			path = JXVideoView;
			sourceTree = "<group>";
		};
		7897F7D6222405BD00453ABD /* OperationButton */ = {
			isa = PBXGroup;
			children = (
				7897F7D7222405BD00453ABD /* JXVideoView+OperationButton.m */,
				7897F7D8222405BD00453ABD /* JXVideoView+OperationButton.h */,
			);
			path = OperationButton;
			sourceTree = "<group>";
		};
		7897F7D9222405BD00453ABD /* CoverView */ = {
			isa = PBXGroup;
			children = (
				7897F7DA222405BD00453ABD /* JXVideoView+CoverView.h */,
				7897F7DB222405BD00453ABD /* JXVideoView+CoverView.m */,
			);
			path = CoverView;
			sourceTree = "<group>";
		};
		7897F7DC222405BD00453ABD /* PlayControl */ = {
			isa = PBXGroup;
			children = (
				7897F7DD222405BD00453ABD /* Public */,
				7897F7E0222405BD00453ABD /* Private */,
			);
			path = PlayControl;
			sourceTree = "<group>";
		};
		7897F7DD222405BD00453ABD /* Public */ = {
			isa = PBXGroup;
			children = (
				7897F7DE222405BD00453ABD /* JXVideoView+PlayControl.m */,
				7897F7DF222405BD00453ABD /* JXVideoView+PlayControl.h */,
			);
			path = Public;
			sourceTree = "<group>";
		};
		7897F7E0222405BD00453ABD /* Private */ = {
			isa = PBXGroup;
			children = (
				7897F7E1222405BD00453ABD /* JXVideoView+PlayControlPrivate.m */,
				7897F7E2222405BD00453ABD /* JXVideoView+PlayControlPrivate.h */,
			);
			path = Private;
			sourceTree = "<group>";
		};
		7897F7E3222405BD00453ABD /* MenuView */ = {
			isa = PBXGroup;
			children = (
				7897F7E4222405BD00453ABD /* JXVideoView+MenuView.h */,
				7897F7E5222405BD00453ABD /* JXVideoView+MenuView.m */,
			);
			path = MenuView;
			sourceTree = "<group>";
		};
		7897F7E6222405BD00453ABD /* Time */ = {
			isa = PBXGroup;
			children = (
				7897F7E7222405BD00453ABD /* JXVideoView+Time.m */,
				7897F7E8222405BD00453ABD /* JXVideoView+Time.h */,
			);
			path = Time;
			sourceTree = "<group>";
		};
		7897F7E9222405BD00453ABD /* PrepareLoading */ = {
			isa = PBXGroup;
			children = (
				7897F7EA222405BD00453ABD /* JXVideoView+PrepareLoading.m */,
				7897F7EB222405BD00453ABD /* JXVideoView+PrepareLoading.h */,
			);
			path = PrepareLoading;
			sourceTree = "<group>";
		};
		7897F7EC222405BD00453ABD /* FullScreen */ = {
			isa = PBXGroup;
			children = (
				7897F7ED222405BD00453ABD /* JXVideoView+FullScreen.m */,
				7897F7EE222405BD00453ABD /* JXVideoView+FullScreen.h */,
			);
			path = FullScreen;
			sourceTree = "<group>";
		};
		7897F7EF222405BD00453ABD /* AVAseet */ = {
			isa = PBXGroup;
			children = (
				7897F7F0222405BD00453ABD /* AVAsset+JXVideoView.h */,
				7897F7F1222405BD00453ABD /* AVAsset+JXVideoView.m */,
			);
			path = AVAseet;
			sourceTree = "<group>";
		};
		7897F7F2222405BD00453ABD /* Gesture */ = {
			isa = PBXGroup;
			children = (
				7897F7F3222405BD00453ABD /* UIPanGestureRecognizer+SliderDirection.m */,
				7897F7F4222405BD00453ABD /* UIPanGestureRecognizer+SliderDirection.h */,
			);
			path = Gesture;
			sourceTree = "<group>";
		};
		7897F7F5222405BD00453ABD /* Components */ = {
			isa = PBXGroup;
			children = (
				7897F7F6222405BD00453ABD /* JXWeakProxy.h */,
				7897F7FD222405BD00453ABD /* JXWeakProxy.m */,
				7897F7F7222405BD00453ABD /* JXVideoView */,
				7897F7FA222405BD00453ABD /* LoadingIndicator */,
			);
			path = Components;
			sourceTree = "<group>";
		};
		7897F7F7222405BD00453ABD /* JXVideoView */ = {
			isa = PBXGroup;
			children = (
				7897F7F8222405BD00453ABD /* JXVideoView.h */,
				7897F7F9222405BD00453ABD /* JXVideoView.m */,
			);
			path = JXVideoView;
			sourceTree = "<group>";
		};
		7897F7FA222405BD00453ABD /* LoadingIndicator */ = {
			isa = PBXGroup;
			children = (
				7897F7FB222405BD00453ABD /* JXVideoPlayerLoadingIndicator.m */,
				7897F7FC222405BD00453ABD /* JXVideoPlayerLoadingIndicator.h */,
			);
			path = LoadingIndicator;
			sourceTree = "<group>";
		};
		7897F813222409BE00453ABD /* Helper */ = {
			isa = PBXGroup;
			children = (
				7897F810222409B400453ABD /* NSString+Extension.h */,
				7897F811222409B400453ABD /* NSString+Extension.m */,
				7897F81422240CCB00453ABD /* UIApplication+TopViewController.h */,
				7897F81522240CCB00453ABD /* UIApplication+TopViewController.m */,
			);
			path = Helper;
			sourceTree = "<group>";
		};
/* End PBXGroup section */

/* Begin PBXNativeTarget section */
		786A154821095F9000579785 /* JXVideoPlayer */ = {
			isa = PBXNativeTarget;
			buildConfigurationList = 786A155F21095F9100579785 /* Build configuration list for PBXNativeTarget "JXVideoPlayer" */;
			buildPhases = (
				E7CB8064A9B900ABAAD7B1C8 /* [CP] Check Pods Manifest.lock */,
				786A154521095F9000579785 /* Sources */,
				786A154621095F9000579785 /* Frameworks */,
				786A154721095F9000579785 /* Resources */,
				8B7142C029DE3F2D9D6C558B /* [CP] Embed Pods Frameworks */,
				F6039B8DD1C101253F9FB811 /* [CP] Copy Pods Resources */,
			);
			buildRules = (
			);
			dependencies = (
			);
			name = JXVideoPlayer;
			productName = JXVideoPlayer;
			productReference = 786A154921095F9000579785 /* JXVideoPlayer.app */;
			productType = "com.apple.product-type.application";
		};
/* End PBXNativeTarget section */

/* Begin PBXProject section */
		786A154121095F9000579785 /* Project object */ = {
			isa = PBXProject;
			attributes = {
				LastUpgradeCheck = 1000;
				ORGANIZATIONNAME = longjianjiang;
				TargetAttributes = {
					786A154821095F9000579785 = {
						CreatedOnToolsVersion = 10.0;
					};
				};
			};
			buildConfigurationList = 786A154421095F9000579785 /* Build configuration list for PBXProject "JXVideoPlayer" */;
			compatibilityVersion = "Xcode 9.3";
			developmentRegion = en;
			hasScannedForEncodings = 0;
			knownRegions = (
				en,
				Base,
			);
			mainGroup = 786A154021095F9000579785;
			productRefGroup = 786A154A21095F9000579785 /* Products */;
			projectDirPath = "";
			projectRoot = "";
			targets = (
				786A154821095F9000579785 /* JXVideoPlayer */,
			);
		};
/* End PBXProject section */

/* Begin PBXResourcesBuildPhase section */
		786A154721095F9000579785 /* Resources */ = {
			isa = PBXResourcesBuildPhase;
			buildActionMask = 2147483647;
			files = (
				786A155921095F9100579785 /* LaunchScreen.storyboard in Resources */,
				786A155621095F9100579785 /* Assets.xcassets in Resources */,
				786A155421095F9000579785 /* Main.storyboard in Resources */,
			);
			runOnlyForDeploymentPostprocessing = 0;
		};
/* End PBXResourcesBuildPhase section */

/* Begin PBXShellScriptBuildPhase section */
		8B7142C029DE3F2D9D6C558B /* [CP] Embed Pods Frameworks */ = {
			isa = PBXShellScriptBuildPhase;
			buildActionMask = 2147483647;
			files = (
			);
			inputPaths = (
			);
			name = "[CP] Embed Pods Frameworks";
			outputPaths = (
			);
			runOnlyForDeploymentPostprocessing = 0;
			shellPath = /bin/sh;
			shellScript = "\"${SRCROOT}/Pods/Target Support Files/Pods-JXVideoPlayer/Pods-JXVideoPlayer-frameworks.sh\"\n";
			showEnvVarsInLog = 0;
		};
		E7CB8064A9B900ABAAD7B1C8 /* [CP] Check Pods Manifest.lock */ = {
			isa = PBXShellScriptBuildPhase;
			buildActionMask = 2147483647;
			files = (
			);
			inputPaths = (
				"${PODS_PODFILE_DIR_PATH}/Podfile.lock",
				"${PODS_ROOT}/Manifest.lock",
			);
			name = "[CP] Check Pods Manifest.lock";
			outputPaths = (
				"$(DERIVED_FILE_DIR)/Pods-JXVideoPlayer-checkManifestLockResult.txt",
			);
			runOnlyForDeploymentPostprocessing = 0;
			shellPath = /bin/sh;
			shellScript = "diff \"${PODS_PODFILE_DIR_PATH}/Podfile.lock\" \"${PODS_ROOT}/Manifest.lock\" > /dev/null\nif [ $? != 0 ] ; then\n    # print error to STDERR\n    echo \"error: The sandbox is not in sync with the Podfile.lock. Run 'pod install' or update your CocoaPods installation.\" >&2\n    exit 1\nfi\n# This output is used by Xcode 'outputs' to avoid re-running this script phase.\necho \"SUCCESS\" > \"${SCRIPT_OUTPUT_FILE_0}\"\n";
			showEnvVarsInLog = 0;
		};
		F6039B8DD1C101253F9FB811 /* [CP] Copy Pods Resources */ = {
			isa = PBXShellScriptBuildPhase;
			buildActionMask = 2147483647;
			files = (
			);
			inputPaths = (
			);
			name = "[CP] Copy Pods Resources";
			outputPaths = (
			);
			runOnlyForDeploymentPostprocessing = 0;
			shellPath = /bin/sh;
			shellScript = "\"${SRCROOT}/Pods/Target Support Files/Pods-JXVideoPlayer/Pods-JXVideoPlayer-resources.sh\"\n";
			showEnvVarsInLog = 0;
		};
/* End PBXShellScriptBuildPhase section */

/* Begin PBXSourcesBuildPhase section */
		786A154521095F9000579785 /* Sources */ = {
			isa = PBXSourcesBuildPhase;
			buildActionMask = 2147483647;
			files = (
				7897F803222405BE00453ABD /* JXVideoView+PlayControlPrivate.m in Sources */,
				7897F805222405BE00453ABD /* JXVideoView+Time.m in Sources */,
				786A155121095F9000579785 /* ViewController.m in Sources */,
				7897F80F2224070500453ABD /* JXGestureSeekProgressView.m in Sources */,
				786A155C21095F9100579785 /* main.m in Sources */,
				7897F809222405BE00453ABD /* UIPanGestureRecognizer+SliderDirection.m in Sources */,
				7897F812222409B400453ABD /* NSString+Extension.m in Sources */,
				7897F806222405BE00453ABD /* JXVideoView+PrepareLoading.m in Sources */,
				786A154E21095F9000579785 /* AppDelegate.m in Sources */,
				7897F804222405BE00453ABD /* JXVideoView+MenuView.m in Sources */,
				7897F80C222405BE00453ABD /* JXWeakProxy.m in Sources */,
				7897F802222405BE00453ABD /* JXVideoView+PlayControl.m in Sources */,
				7897F801222405BE00453ABD /* JXVideoView+CoverView.m in Sources */,
				7897F81622240CCB00453ABD /* UIApplication+TopViewController.m in Sources */,
				7897F80A222405BE00453ABD /* JXVideoView.m in Sources */,
				7897F80B222405BE00453ABD /* JXVideoPlayerLoadingIndicator.m in Sources */,
				7897F807222405BE00453ABD /* JXVideoView+FullScreen.m in Sources */,
				786A159D210B22E100579785 /* JXVideoPlayMenu.m in Sources */,
				7897F800222405BE00453ABD /* JXVideoView+OperationButton.m in Sources */,
				7897F808222405BE00453ABD /* AVAsset+JXVideoView.m in Sources */,
			);
			runOnlyForDeploymentPostprocessing = 0;
		};
/* End PBXSourcesBuildPhase section */

/* Begin PBXVariantGroup section */
		786A155221095F9000579785 /* Main.storyboard */ = {
			isa = PBXVariantGroup;
			children = (
				786A155321095F9000579785 /* Base */,
			);
			name = Main.storyboard;
			sourceTree = "<group>";
		};
		786A155721095F9100579785 /* LaunchScreen.storyboard */ = {
			isa = PBXVariantGroup;
			children = (
				786A155821095F9100579785 /* Base */,
			);
			name = LaunchScreen.storyboard;
			sourceTree = "<group>";
		};
/* End PBXVariantGroup section */

/* Begin XCBuildConfiguration section */
		786A155D21095F9100579785 /* Debug */ = {
			isa = XCBuildConfiguration;
			buildSettings = {
				ALWAYS_SEARCH_USER_PATHS = NO;
				CLANG_ANALYZER_NONNULL = YES;
				CLANG_ANALYZER_NUMBER_OBJECT_CONVERSION = YES_AGGRESSIVE;
				CLANG_CXX_LANGUAGE_STANDARD = "gnu++14";
				CLANG_CXX_LIBRARY = "libc++";
				CLANG_ENABLE_MODULES = YES;
				CLANG_ENABLE_OBJC_ARC = YES;
				CLANG_ENABLE_OBJC_WEAK = YES;
				CLANG_WARN_BLOCK_CAPTURE_AUTORELEASING = YES;
				CLANG_WARN_BOOL_CONVERSION = YES;
				CLANG_WARN_COMMA = YES;
				CLANG_WARN_CONSTANT_CONVERSION = YES;
				CLANG_WARN_DEPRECATED_OBJC_IMPLEMENTATIONS = YES;
				CLANG_WARN_DIRECT_OBJC_ISA_USAGE = YES_ERROR;
				CLANG_WARN_DOCUMENTATION_COMMENTS = YES;
				CLANG_WARN_EMPTY_BODY = YES;
				CLANG_WARN_ENUM_CONVERSION = YES;
				CLANG_WARN_INFINITE_RECURSION = YES;
				CLANG_WARN_INT_CONVERSION = YES;
				CLANG_WARN_NON_LITERAL_NULL_CONVERSION = YES;
				CLANG_WARN_OBJC_IMPLICIT_RETAIN_SELF = YES;
				CLANG_WARN_OBJC_LITERAL_CONVERSION = YES;
				CLANG_WARN_OBJC_ROOT_CLASS = YES_ERROR;
				CLANG_WARN_RANGE_LOOP_ANALYSIS = YES;
				CLANG_WARN_STRICT_PROTOTYPES = YES;
				CLANG_WARN_SUSPICIOUS_MOVE = YES;
				CLANG_WARN_UNGUARDED_AVAILABILITY = YES_AGGRESSIVE;
				CLANG_WARN_UNREACHABLE_CODE = YES;
				CLANG_WARN__DUPLICATE_METHOD_MATCH = YES;
				CODE_SIGN_IDENTITY = "iPhone Developer";
				COPY_PHASE_STRIP = NO;
				DEBUG_INFORMATION_FORMAT = dwarf;
				ENABLE_STRICT_OBJC_MSGSEND = YES;
				ENABLE_TESTABILITY = YES;
				GCC_C_LANGUAGE_STANDARD = gnu11;
				GCC_DYNAMIC_NO_PIC = NO;
				GCC_NO_COMMON_BLOCKS = YES;
				GCC_OPTIMIZATION_LEVEL = 0;
				GCC_PREPROCESSOR_DEFINITIONS = (
					"DEBUG=1",
					"$(inherited)",
				);
				GCC_WARN_64_TO_32_BIT_CONVERSION = YES;
				GCC_WARN_ABOUT_RETURN_TYPE = YES_ERROR;
				GCC_WARN_UNDECLARED_SELECTOR = YES;
				GCC_WARN_UNINITIALIZED_AUTOS = YES_AGGRESSIVE;
				GCC_WARN_UNUSED_FUNCTION = YES;
				GCC_WARN_UNUSED_VARIABLE = YES;
				IPHONEOS_DEPLOYMENT_TARGET = 12.0;
				MTL_ENABLE_DEBUG_INFO = INCLUDE_SOURCE;
				MTL_FAST_MATH = YES;
				ONLY_ACTIVE_ARCH = YES;
				SDKROOT = iphoneos;
			};
			name = Debug;
		};
		786A155E21095F9100579785 /* Release */ = {
			isa = XCBuildConfiguration;
			buildSettings = {
				ALWAYS_SEARCH_USER_PATHS = NO;
				CLANG_ANALYZER_NONNULL = YES;
				CLANG_ANALYZER_NUMBER_OBJECT_CONVERSION = YES_AGGRESSIVE;
				CLANG_CXX_LANGUAGE_STANDARD = "gnu++14";
				CLANG_CXX_LIBRARY = "libc++";
				CLANG_ENABLE_MODULES = YES;
				CLANG_ENABLE_OBJC_ARC = YES;
				CLANG_ENABLE_OBJC_WEAK = YES;
				CLANG_WARN_BLOCK_CAPTURE_AUTORELEASING = YES;
				CLANG_WARN_BOOL_CONVERSION = YES;
				CLANG_WARN_COMMA = YES;
				CLANG_WARN_CONSTANT_CONVERSION = YES;
				CLANG_WARN_DEPRECATED_OBJC_IMPLEMENTATIONS = YES;
				CLANG_WARN_DIRECT_OBJC_ISA_USAGE = YES_ERROR;
				CLANG_WARN_DOCUMENTATION_COMMENTS = YES;
				CLANG_WARN_EMPTY_BODY = YES;
				CLANG_WARN_ENUM_CONVERSION = YES;
				CLANG_WARN_INFINITE_RECURSION = YES;
				CLANG_WARN_INT_CONVERSION = YES;
				CLANG_WARN_NON_LITERAL_NULL_CONVERSION = YES;
				CLANG_WARN_OBJC_IMPLICIT_RETAIN_SELF = YES;
				CLANG_WARN_OBJC_LITERAL_CONVERSION = YES;
				CLANG_WARN_OBJC_ROOT_CLASS = YES_ERROR;
				CLANG_WARN_RANGE_LOOP_ANALYSIS = YES;
				CLANG_WARN_STRICT_PROTOTYPES = YES;
				CLANG_WARN_SUSPICIOUS_MOVE = YES;
				CLANG_WARN_UNGUARDED_AVAILABILITY = YES_AGGRESSIVE;
				CLANG_WARN_UNREACHABLE_CODE = YES;
				CLANG_WARN__DUPLICATE_METHOD_MATCH = YES;
				CODE_SIGN_IDENTITY = "iPhone Developer";
				COPY_PHASE_STRIP = NO;
				DEBUG_INFORMATION_FORMAT = "dwarf-with-dsym";
				ENABLE_NS_ASSERTIONS = NO;
				ENABLE_STRICT_OBJC_MSGSEND = YES;
				GCC_C_LANGUAGE_STANDARD = gnu11;
				GCC_NO_COMMON_BLOCKS = YES;
				GCC_WARN_64_TO_32_BIT_CONVERSION = YES;
				GCC_WARN_ABOUT_RETURN_TYPE = YES_ERROR;
				GCC_WARN_UNDECLARED_SELECTOR = YES;
				GCC_WARN_UNINITIALIZED_AUTOS = YES_AGGRESSIVE;
				GCC_WARN_UNUSED_FUNCTION = YES;
				GCC_WARN_UNUSED_VARIABLE = YES;
				IPHONEOS_DEPLOYMENT_TARGET = 12.0;
				MTL_ENABLE_DEBUG_INFO = NO;
				MTL_FAST_MATH = YES;
				SDKROOT = iphoneos;
				VALIDATE_PRODUCT = YES;
			};
			name = Release;
		};
		786A156021095F9100579785 /* Debug */ = {
			isa = XCBuildConfiguration;
			baseConfigurationReference = A4D4E046BC53C66A70151BBF /* Pods-JXVideoPlayer.debug.xcconfig */;
			buildSettings = {
				ASSETCATALOG_COMPILER_APPICON_NAME = AppIcon;
				CODE_SIGN_STYLE = Automatic;
				DEVELOPMENT_TEAM = YN2C6UTHBF;
				INFOPLIST_FILE = JXVideoPlayer/Info.plist;
				IPHONEOS_DEPLOYMENT_TARGET = 9.0;
				LD_RUNPATH_SEARCH_PATHS = (
					"$(inherited)",
					"@executable_path/Frameworks",
				);
				PRODUCT_BUNDLE_IDENTIFIER = com.longjianjiang.JXVideoPlayer;
				PRODUCT_NAME = "$(TARGET_NAME)";
				TARGETED_DEVICE_FAMILY = 1;
			};
			name = Debug;
		};
		786A156121095F9100579785 /* Release */ = {
			isa = XCBuildConfiguration;
			baseConfigurationReference = 34141D2F29534EB5DA1EA243 /* Pods-JXVideoPlayer.release.xcconfig */;
			buildSettings = {
				ASSETCATALOG_COMPILER_APPICON_NAME = AppIcon;
				CODE_SIGN_STYLE = Automatic;
				DEVELOPMENT_TEAM = YN2C6UTHBF;
				INFOPLIST_FILE = JXVideoPlayer/Info.plist;
				IPHONEOS_DEPLOYMENT_TARGET = 9.0;
				LD_RUNPATH_SEARCH_PATHS = (
					"$(inherited)",
					"@executable_path/Frameworks",
				);
				PRODUCT_BUNDLE_IDENTIFIER = com.longjianjiang.JXVideoPlayer;
				PRODUCT_NAME = "$(TARGET_NAME)";
				TARGETED_DEVICE_FAMILY = 1;
			};
			name = Release;
		};
/* End XCBuildConfiguration section */

/* Begin XCConfigurationList section */
		786A154421095F9000579785 /* Build configuration list for PBXProject "JXVideoPlayer" */ = {
			isa = XCConfigurationList;
			buildConfigurations = (
				786A155D21095F9100579785 /* Debug */,
				786A155E21095F9100579785 /* Release */,
			);
			defaultConfigurationIsVisible = 0;
			defaultConfigurationName = Release;
		};
		786A155F21095F9100579785 /* Build configuration list for PBXNativeTarget "JXVideoPlayer" */ = {
			isa = XCConfigurationList;
			buildConfigurations = (
				786A156021095F9100579785 /* Debug */,
				786A156121095F9100579785 /* Release */,
			);
			defaultConfigurationIsVisible = 0;
			defaultConfigurationName = Release;
		};
/* End XCConfigurationList section */
	};
	rootObject = 786A154121095F9000579785 /* Project object */;
}
