// !$*UTF8*$!
{
	archiveVersion = 1;
	classes = {
	};
	objectVersion = 50;
	objects = {

/* Begin PBXBuildFile section */
		786A154E21095F9000579785 /* AppDelegate.m in Sources */ = {isa = PBXBuildFile; fileRef = 786A154D21095F9000579785 /* AppDelegate.m */; };
		786A155121095F9000579785 /* ViewController.m in Sources */ = {isa = PBXBuildFile; fileRef = 786A155021095F9000579785 /* ViewController.m */; };
		786A155421095F9000579785 /* Main.storyboard in Resources */ = {isa = PBXBuildFile; fileRef = 786A155221095F9000579785 /* Main.storyboard */; };
		786A155621095F9100579785 /* Assets.xcassets in Resources */ = {isa = PBXBuildFile; fileRef = 786A155521095F9100579785 /* Assets.xcassets */; };
		786A155921095F9100579785 /* LaunchScreen.storyboard in Resources */ = {isa = PBXBuildFile; fileRef = 786A155721095F9100579785 /* LaunchScreen.storyboard */; };
		786A155C21095F9100579785 /* main.m in Sources */ = {isa = PBXBuildFile; fileRef = 786A155B21095F9100579785 /* main.m */; };
		786A15652109631000579785 /* JXVideoView.m in Sources */ = {isa = PBXBuildFile; fileRef = 786A15642109631000579785 /* JXVideoView.m */; };
		786A156E210971E400579785 /* JXVideoView+Time.m in Sources */ = {isa = PBXBuildFile; fileRef = 786A156D210971E400579785 /* JXVideoView+Time.m */; };
		786A1571210971F100579785 /* JXVideoView+CoverView.m in Sources */ = {isa = PBXBuildFile; fileRef = 786A1570210971F100579785 /* JXVideoView+CoverView.m */; };
		786A1574210971FE00579785 /* JXVideoView+OperationButton.m in Sources */ = {isa = PBXBuildFile; fileRef = 786A1573210971FE00579785 /* JXVideoView+OperationButton.m */; };
		786A157B210AB88400579785 /* JXVideoView+FullScreen.m in Sources */ = {isa = PBXBuildFile; fileRef = 786A157A210AB88400579785 /* JXVideoView+FullScreen.m */; };
		786A1584210AC6AA00579785 /* JXVideoView+PlayControlPrivate.m in Sources */ = {isa = PBXBuildFile; fileRef = 786A1583210AC6AA00579785 /* JXVideoView+PlayControlPrivate.m */; };
		786A1587210ACE3D00579785 /* UIPanGestureRecognizer+SliderDirection.m in Sources */ = {isa = PBXBuildFile; fileRef = 786A1586210ACE3D00579785 /* UIPanGestureRecognizer+SliderDirection.m */; };
		786A158A210ADBE900579785 /* JXVideoView+PlayControl.m in Sources */ = {isa = PBXBuildFile; fileRef = 786A1589210ADBE900579785 /* JXVideoView+PlayControl.m */; };
		786A1591210AF57E00579785 /* AVAsset+JXVideoView.m in Sources */ = {isa = PBXBuildFile; fileRef = 786A1590210AF57E00579785 /* AVAsset+JXVideoView.m */; };
		78AEA3BC36AA359BA89B6DEF /* libPods-JXVideoPlayer.a in Frameworks */ = {isa = PBXBuildFile; fileRef = 96F0358982D28B390721ACBF /* libPods-JXVideoPlayer.a */; };
/* End PBXBuildFile section */

/* Begin PBXFileReference section */
		34141D2F29534EB5DA1EA243 /* Pods-JXVideoPlayer.release.xcconfig */ = {isa = PBXFileReference; includeInIndex = 1; lastKnownFileType = text.xcconfig; name = "Pods-JXVideoPlayer.release.xcconfig"; path = "Pods/Target Support Files/Pods-JXVideoPlayer/Pods-JXVideoPlayer.release.xcconfig"; sourceTree = "<group>"; };
		786A154921095F9000579785 /* JXVideoPlayer.app */ = {isa = PBXFileReference; explicitFileType = wrapper.application; includeInIndex = 0; path = JXVideoPlayer.app; sourceTree = BUILT_PRODUCTS_DIR; };
		786A154C21095F9000579785 /* AppDelegate.h */ = {isa = PBXFileReference; lastKnownFileType = sourcecode.c.h; path = AppDelegate.h; sourceTree = "<group>"; };
		786A154D21095F9000579785 /* AppDelegate.m */ = {isa = PBXFileReference; lastKnownFileType = sourcecode.c.objc; path = AppDelegate.m; sourceTree = "<group>"; };
		786A154F21095F9000579785 /* ViewController.h */ = {isa = PBXFileReference; lastKnownFileType = sourcecode.c.h; path = ViewController.h; sourceTree = "<group>"; };
		786A155021095F9000579785 /* ViewController.m */ = {isa = PBXFileReference; lastKnownFileType = sourcecode.c.objc; path = ViewController.m; sourceTree = "<group>"; };
		786A155321095F9000579785 /* Base */ = {isa = PBXFileReference; lastKnownFileType = file.storyboard; name = Base; path = Base.lproj/Main.storyboard; sourceTree = "<group>"; };
		786A155521095F9100579785 /* Assets.xcassets */ = {isa = PBXFileReference; lastKnownFileType = folder.assetcatalog; path = Assets.xcassets; sourceTree = "<group>"; };
		786A155821095F9100579785 /* Base */ = {isa = PBXFileReference; lastKnownFileType = file.storyboard; name = Base; path = Base.lproj/LaunchScreen.storyboard; sourceTree = "<group>"; };
		786A155A21095F9100579785 /* Info.plist */ = {isa = PBXFileReference; lastKnownFileType = text.plist.xml; path = Info.plist; sourceTree = "<group>"; };
		786A155B21095F9100579785 /* main.m */ = {isa = PBXFileReference; lastKnownFileType = sourcecode.c.objc; path = main.m; sourceTree = "<group>"; };
		786A15632109631000579785 /* JXVideoView.h */ = {isa = PBXFileReference; lastKnownFileType = sourcecode.c.h; path = JXVideoView.h; sourceTree = "<group>"; };
		786A15642109631000579785 /* JXVideoView.m */ = {isa = PBXFileReference; lastKnownFileType = sourcecode.c.objc; path = JXVideoView.m; sourceTree = "<group>"; };
		786A1566210963AB00579785 /* JXVideoPlayerDefines.h */ = {isa = PBXFileReference; lastKnownFileType = sourcecode.c.h; path = JXVideoPlayerDefines.h; sourceTree = "<group>"; };
		786A156C210971E400579785 /* JXVideoView+Time.h */ = {isa = PBXFileReference; lastKnownFileType = sourcecode.c.h; path = "JXVideoView+Time.h"; sourceTree = "<group>"; };
		786A156D210971E400579785 /* JXVideoView+Time.m */ = {isa = PBXFileReference; lastKnownFileType = sourcecode.c.objc; path = "JXVideoView+Time.m"; sourceTree = "<group>"; };
		786A156F210971F100579785 /* JXVideoView+CoverView.h */ = {isa = PBXFileReference; lastKnownFileType = sourcecode.c.h; path = "JXVideoView+CoverView.h"; sourceTree = "<group>"; };
		786A1570210971F100579785 /* JXVideoView+CoverView.m */ = {isa = PBXFileReference; lastKnownFileType = sourcecode.c.objc; path = "JXVideoView+CoverView.m"; sourceTree = "<group>"; };
		786A1572210971FE00579785 /* JXVideoView+OperationButton.h */ = {isa = PBXFileReference; lastKnownFileType = sourcecode.c.h; path = "JXVideoView+OperationButton.h"; sourceTree = "<group>"; };
		786A1573210971FE00579785 /* JXVideoView+OperationButton.m */ = {isa = PBXFileReference; lastKnownFileType = sourcecode.c.objc; path = "JXVideoView+OperationButton.m"; sourceTree = "<group>"; };
		786A15752109CFBC00579785 /* JXVideoPlayer.h */ = {isa = PBXFileReference; lastKnownFileType = sourcecode.c.h; path = JXVideoPlayer.h; sourceTree = "<group>"; };
		786A1579210AB88400579785 /* JXVideoView+FullScreen.h */ = {isa = PBXFileReference; lastKnownFileType = sourcecode.c.h; path = "JXVideoView+FullScreen.h"; sourceTree = "<group>"; };
		786A157A210AB88400579785 /* JXVideoView+FullScreen.m */ = {isa = PBXFileReference; lastKnownFileType = sourcecode.c.objc; path = "JXVideoView+FullScreen.m"; sourceTree = "<group>"; };
		786A1582210AC6AA00579785 /* JXVideoView+PlayControlPrivate.h */ = {isa = PBXFileReference; lastKnownFileType = sourcecode.c.h; path = "JXVideoView+PlayControlPrivate.h"; sourceTree = "<group>"; };
		786A1583210AC6AA00579785 /* JXVideoView+PlayControlPrivate.m */ = {isa = PBXFileReference; lastKnownFileType = sourcecode.c.objc; path = "JXVideoView+PlayControlPrivate.m"; sourceTree = "<group>"; };
		786A1585210ACE3D00579785 /* UIPanGestureRecognizer+SliderDirection.h */ = {isa = PBXFileReference; lastKnownFileType = sourcecode.c.h; path = "UIPanGestureRecognizer+SliderDirection.h"; sourceTree = "<group>"; };
		786A1586210ACE3D00579785 /* UIPanGestureRecognizer+SliderDirection.m */ = {isa = PBXFileReference; lastKnownFileType = sourcecode.c.objc; path = "UIPanGestureRecognizer+SliderDirection.m"; sourceTree = "<group>"; };
		786A1588210ADBE900579785 /* JXVideoView+PlayControl.h */ = {isa = PBXFileReference; lastKnownFileType = sourcecode.c.h; path = "JXVideoView+PlayControl.h"; sourceTree = "<group>"; };
		786A1589210ADBE900579785 /* JXVideoView+PlayControl.m */ = {isa = PBXFileReference; lastKnownFileType = sourcecode.c.objc; path = "JXVideoView+PlayControl.m"; sourceTree = "<group>"; };
		786A158F210AF57E00579785 /* AVAsset+JXVideoView.h */ = {isa = PBXFileReference; lastKnownFileType = sourcecode.c.h; path = "AVAsset+JXVideoView.h"; sourceTree = "<group>"; };
		786A1590210AF57E00579785 /* AVAsset+JXVideoView.m */ = {isa = PBXFileReference; lastKnownFileType = sourcecode.c.objc; path = "AVAsset+JXVideoView.m"; sourceTree = "<group>"; };
		96F0358982D28B390721ACBF /* libPods-JXVideoPlayer.a */ = {isa = PBXFileReference; explicitFileType = archive.ar; includeInIndex = 0; path = "libPods-JXVideoPlayer.a"; sourceTree = BUILT_PRODUCTS_DIR; };
		A4D4E046BC53C66A70151BBF /* Pods-JXVideoPlayer.debug.xcconfig */ = {isa = PBXFileReference; includeInIndex = 1; lastKnownFileType = text.xcconfig; name = "Pods-JXVideoPlayer.debug.xcconfig"; path = "Pods/Target Support Files/Pods-JXVideoPlayer/Pods-JXVideoPlayer.debug.xcconfig"; sourceTree = "<group>"; };
/* End PBXFileReference section */

/* Begin PBXFrameworksBuildPhase section */
		786A154621095F9000579785 /* Frameworks */ = {
			isa = PBXFrameworksBuildPhase;
			buildActionMask = 2147483647;
			files = (
				78AEA3BC36AA359BA89B6DEF /* libPods-JXVideoPlayer.a in Frameworks */,
			);
			runOnlyForDeploymentPostprocessing = 0;
		};
/* End PBXFrameworksBuildPhase section */

/* Begin PBXGroup section */
		0E43D5B371D50D004A5695F0 /* Frameworks */ = {
			isa = PBXGroup;
			children = (
				96F0358982D28B390721ACBF /* libPods-JXVideoPlayer.a */,
			);
			name = Frameworks;
			sourceTree = "<group>";
		};
		412003CF97C19947BE0E7663 /* Pods */ = {
			isa = PBXGroup;
			children = (
				A4D4E046BC53C66A70151BBF /* Pods-JXVideoPlayer.debug.xcconfig */,
				34141D2F29534EB5DA1EA243 /* Pods-JXVideoPlayer.release.xcconfig */,
			);
			name = Pods;
			sourceTree = "<group>";
		};
		786A154021095F9000579785 = {
			isa = PBXGroup;
			children = (
				786A154B21095F9000579785 /* JXVideoPlayer */,
				786A154A21095F9000579785 /* Products */,
				412003CF97C19947BE0E7663 /* Pods */,
				0E43D5B371D50D004A5695F0 /* Frameworks */,
			);
			sourceTree = "<group>";
		};
		786A154A21095F9000579785 /* Products */ = {
			isa = PBXGroup;
			children = (
				786A154921095F9000579785 /* JXVideoPlayer.app */,
			);
			name = Products;
			sourceTree = "<group>";
		};
		786A154B21095F9000579785 /* JXVideoPlayer */ = {
			isa = PBXGroup;
			children = (
				786A15622109614100579785 /* JXVideoPlayer */,
				786A154C21095F9000579785 /* AppDelegate.h */,
				786A154D21095F9000579785 /* AppDelegate.m */,
				786A154F21095F9000579785 /* ViewController.h */,
				786A155021095F9000579785 /* ViewController.m */,
				786A155221095F9000579785 /* Main.storyboard */,
				786A155521095F9100579785 /* Assets.xcassets */,
				786A155721095F9100579785 /* LaunchScreen.storyboard */,
				786A155A21095F9100579785 /* Info.plist */,
				786A155B21095F9100579785 /* main.m */,
			);
			path = JXVideoPlayer;
			sourceTree = "<group>";
		};
		786A15622109614100579785 /* JXVideoPlayer */ = {
			isa = PBXGroup;
			children = (
				786A15762109DA7900579785 /* Components */,
				786A15672109718600579785 /* Category */,
				786A1566210963AB00579785 /* JXVideoPlayerDefines.h */,
				786A15752109CFBC00579785 /* JXVideoPlayer.h */,
			);
			path = JXVideoPlayer;
			sourceTree = "<group>";
		};
		786A15672109718600579785 /* Category */ = {
			isa = PBXGroup;
			children = (
				786A158E210AF55A00579785 /* AVAseet */,
				786A157E210AC56900579785 /* Gesture */,
				786A15682109719300579785 /* JXVideoView */,
			);
			path = Category;
			sourceTree = "<group>";
		};
		786A15682109719300579785 /* JXVideoView */ = {
			isa = PBXGroup;
			children = (
				786A157F210AC60D00579785 /* PlayControl */,
				786A1578210AB87100579785 /* FullScreen */,
				786A156B210971BB00579785 /* OperationButton */,
				786A156A210971AA00579785 /* CoverView */,
				786A1569210971A300579785 /* Time */,
			);
			path = JXVideoView;
			sourceTree = "<group>";
		};
		786A1569210971A300579785 /* Time */ = {
			isa = PBXGroup;
			children = (
				786A156C210971E400579785 /* JXVideoView+Time.h */,
				786A156D210971E400579785 /* JXVideoView+Time.m */,
			);
			path = Time;
			sourceTree = "<group>";
		};
		786A156A210971AA00579785 /* CoverView */ = {
			isa = PBXGroup;
			children = (
				786A156F210971F100579785 /* JXVideoView+CoverView.h */,
				786A1570210971F100579785 /* JXVideoView+CoverView.m */,
			);
			path = CoverView;
			sourceTree = "<group>";
		};
		786A156B210971BB00579785 /* OperationButton */ = {
			isa = PBXGroup;
			children = (
				786A1572210971FE00579785 /* JXVideoView+OperationButton.h */,
				786A1573210971FE00579785 /* JXVideoView+OperationButton.m */,
			);
			path = OperationButton;
			sourceTree = "<group>";
		};
		786A15762109DA7900579785 /* Components */ = {
			isa = PBXGroup;
			children = (
				786A15772109DA8C00579785 /* JXVideoView */,
			);
			path = Components;
			sourceTree = "<group>";
		};
		786A15772109DA8C00579785 /* JXVideoView */ = {
			isa = PBXGroup;
			children = (
				786A15632109631000579785 /* JXVideoView.h */,
				786A15642109631000579785 /* JXVideoView.m */,
			);
			path = JXVideoView;
			sourceTree = "<group>";
		};
		786A1578210AB87100579785 /* FullScreen */ = {
			isa = PBXGroup;
			children = (
				786A1579210AB88400579785 /* JXVideoView+FullScreen.h */,
				786A157A210AB88400579785 /* JXVideoView+FullScreen.m */,
			);
			path = FullScreen;
			sourceTree = "<group>";
		};
		786A157E210AC56900579785 /* Gesture */ = {
			isa = PBXGroup;
			children = (
				786A1585210ACE3D00579785 /* UIPanGestureRecognizer+SliderDirection.h */,
				786A1586210ACE3D00579785 /* UIPanGestureRecognizer+SliderDirection.m */,
			);
			path = Gesture;
			sourceTree = "<group>";
		};
		786A157F210AC60D00579785 /* PlayControl */ = {
			isa = PBXGroup;
			children = (
				786A1581210AC69100579785 /* Private */,
				786A1580210AC68B00579785 /* Public */,
			);
			path = PlayControl;
			sourceTree = "<group>";
		};
		786A1580210AC68B00579785 /* Public */ = {
			isa = PBXGroup;
			children = (
				786A1588210ADBE900579785 /* JXVideoView+PlayControl.h */,
				786A1589210ADBE900579785 /* JXVideoView+PlayControl.m */,
			);
			path = Public;
			sourceTree = "<group>";
		};
		786A1581210AC69100579785 /* Private */ = {
			isa = PBXGroup;
			children = (
				786A1582210AC6AA00579785 /* JXVideoView+PlayControlPrivate.h */,
				786A1583210AC6AA00579785 /* JXVideoView+PlayControlPrivate.m */,
			);
			path = Private;
			sourceTree = "<group>";
		};
		786A158E210AF55A00579785 /* AVAseet */ = {
			isa = PBXGroup;
			children = (
				786A158F210AF57E00579785 /* AVAsset+JXVideoView.h */,
				786A1590210AF57E00579785 /* AVAsset+JXVideoView.m */,
			);
			path = AVAseet;
			sourceTree = "<group>";
		};
/* End PBXGroup section */

/* Begin PBXNativeTarget section */
		786A154821095F9000579785 /* JXVideoPlayer */ = {
			isa = PBXNativeTarget;
			buildConfigurationList = 786A155F21095F9100579785 /* Build configuration list for PBXNativeTarget "JXVideoPlayer" */;
			buildPhases = (
				E7CB8064A9B900ABAAD7B1C8 /* [CP] Check Pods Manifest.lock */,
				786A154521095F9000579785 /* Sources */,
				786A154621095F9000579785 /* Frameworks */,
				786A154721095F9000579785 /* Resources */,
				8B7142C029DE3F2D9D6C558B /* [CP] Embed Pods Frameworks */,
				F6039B8DD1C101253F9FB811 /* [CP] Copy Pods Resources */,
			);
			buildRules = (
			);
			dependencies = (
			);
			name = JXVideoPlayer;
			productName = JXVideoPlayer;
			productReference = 786A154921095F9000579785 /* JXVideoPlayer.app */;
			productType = "com.apple.product-type.application";
		};
/* End PBXNativeTarget section */

/* Begin PBXProject section */
		786A154121095F9000579785 /* Project object */ = {
			isa = PBXProject;
			attributes = {
				LastUpgradeCheck = 1000;
				ORGANIZATIONNAME = longjianjiang;
				TargetAttributes = {
					786A154821095F9000579785 = {
						CreatedOnToolsVersion = 10.0;
					};
				};
			};
			buildConfigurationList = 786A154421095F9000579785 /* Build configuration list for PBXProject "JXVideoPlayer" */;
			compatibilityVersion = "Xcode 9.3";
			developmentRegion = en;
			hasScannedForEncodings = 0;
			knownRegions = (
				en,
				Base,
			);
			mainGroup = 786A154021095F9000579785;
			productRefGroup = 786A154A21095F9000579785 /* Products */;
			projectDirPath = "";
			projectRoot = "";
			targets = (
				786A154821095F9000579785 /* JXVideoPlayer */,
			);
		};
/* End PBXProject section */

/* Begin PBXResourcesBuildPhase section */
		786A154721095F9000579785 /* Resources */ = {
			isa = PBXResourcesBuildPhase;
			buildActionMask = 2147483647;
			files = (
				786A155921095F9100579785 /* LaunchScreen.storyboard in Resources */,
				786A155621095F9100579785 /* Assets.xcassets in Resources */,
				786A155421095F9000579785 /* Main.storyboard in Resources */,
			);
			runOnlyForDeploymentPostprocessing = 0;
		};
/* End PBXResourcesBuildPhase section */

/* Begin PBXShellScriptBuildPhase section */
		8B7142C029DE3F2D9D6C558B /* [CP] Embed Pods Frameworks */ = {
			isa = PBXShellScriptBuildPhase;
			buildActionMask = 2147483647;
			files = (
			);
			inputPaths = (
			);
			name = "[CP] Embed Pods Frameworks";
			outputPaths = (
			);
			runOnlyForDeploymentPostprocessing = 0;
			shellPath = /bin/sh;
			shellScript = "\"${SRCROOT}/Pods/Target Support Files/Pods-JXVideoPlayer/Pods-JXVideoPlayer-frameworks.sh\"\n";
			showEnvVarsInLog = 0;
		};
		E7CB8064A9B900ABAAD7B1C8 /* [CP] Check Pods Manifest.lock */ = {
			isa = PBXShellScriptBuildPhase;
			buildActionMask = 2147483647;
			files = (
			);
			inputPaths = (
				"${PODS_PODFILE_DIR_PATH}/Podfile.lock",
				"${PODS_ROOT}/Manifest.lock",
			);
			name = "[CP] Check Pods Manifest.lock";
			outputPaths = (
				"$(DERIVED_FILE_DIR)/Pods-JXVideoPlayer-checkManifestLockResult.txt",
			);
			runOnlyForDeploymentPostprocessing = 0;
			shellPath = /bin/sh;
			shellScript = "diff \"${PODS_PODFILE_DIR_PATH}/Podfile.lock\" \"${PODS_ROOT}/Manifest.lock\" > /dev/null\nif [ $? != 0 ] ; then\n    # print error to STDERR\n    echo \"error: The sandbox is not in sync with the Podfile.lock. Run 'pod install' or update your CocoaPods installation.\" >&2\n    exit 1\nfi\n# This output is used by Xcode 'outputs' to avoid re-running this script phase.\necho \"SUCCESS\" > \"${SCRIPT_OUTPUT_FILE_0}\"\n";
			showEnvVarsInLog = 0;
		};
		F6039B8DD1C101253F9FB811 /* [CP] Copy Pods Resources */ = {
			isa = PBXShellScriptBuildPhase;
			buildActionMask = 2147483647;
			files = (
			);
			inputPaths = (
			);
			name = "[CP] Copy Pods Resources";
			outputPaths = (
			);
			runOnlyForDeploymentPostprocessing = 0;
			shellPath = /bin/sh;
			shellScript = "\"${SRCROOT}/Pods/Target Support Files/Pods-JXVideoPlayer/Pods-JXVideoPlayer-resources.sh\"\n";
			showEnvVarsInLog = 0;
		};
/* End PBXShellScriptBuildPhase section */

/* Begin PBXSourcesBuildPhase section */
		786A154521095F9000579785 /* Sources */ = {
			isa = PBXSourcesBuildPhase;
			buildActionMask = 2147483647;
			files = (
				786A15652109631000579785 /* JXVideoView.m in Sources */,
				786A156E210971E400579785 /* JXVideoView+Time.m in Sources */,
				786A158A210ADBE900579785 /* JXVideoView+PlayControl.m in Sources */,
				786A1587210ACE3D00579785 /* UIPanGestureRecognizer+SliderDirection.m in Sources */,
				786A1574210971FE00579785 /* JXVideoView+OperationButton.m in Sources */,
				786A155121095F9000579785 /* ViewController.m in Sources */,
				786A1571210971F100579785 /* JXVideoView+CoverView.m in Sources */,
				786A157B210AB88400579785 /* JXVideoView+FullScreen.m in Sources */,
				786A155C21095F9100579785 /* main.m in Sources */,
				786A1584210AC6AA00579785 /* JXVideoView+PlayControlPrivate.m in Sources */,
				786A1591210AF57E00579785 /* AVAsset+JXVideoView.m in Sources */,
				786A154E21095F9000579785 /* AppDelegate.m in Sources */,
			);
			runOnlyForDeploymentPostprocessing = 0;
		};
/* End PBXSourcesBuildPhase section */

/* Begin PBXVariantGroup section */
		786A155221095F9000579785 /* Main.storyboard */ = {
			isa = PBXVariantGroup;
			children = (
				786A155321095F9000579785 /* Base */,
			);
			name = Main.storyboard;
			sourceTree = "<group>";
		};
		786A155721095F9100579785 /* LaunchScreen.storyboard */ = {
			isa = PBXVariantGroup;
			children = (
				786A155821095F9100579785 /* Base */,
			);
			name = LaunchScreen.storyboard;
			sourceTree = "<group>";
		};
/* End PBXVariantGroup section */

/* Begin XCBuildConfiguration section */
		786A155D21095F9100579785 /* Debug */ = {
			isa = XCBuildConfiguration;
			buildSettings = {
				ALWAYS_SEARCH_USER_PATHS = NO;
				CLANG_ANALYZER_NONNULL = YES;
				CLANG_ANALYZER_NUMBER_OBJECT_CONVERSION = YES_AGGRESSIVE;
				CLANG_CXX_LANGUAGE_STANDARD = "gnu++14";
				CLANG_CXX_LIBRARY = "libc++";
				CLANG_ENABLE_MODULES = YES;
				CLANG_ENABLE_OBJC_ARC = YES;
				CLANG_ENABLE_OBJC_WEAK = YES;
				CLANG_WARN_BLOCK_CAPTURE_AUTORELEASING = YES;
				CLANG_WARN_BOOL_CONVERSION = YES;
				CLANG_WARN_COMMA = YES;
				CLANG_WARN_CONSTANT_CONVERSION = YES;
				CLANG_WARN_DEPRECATED_OBJC_IMPLEMENTATIONS = YES;
				CLANG_WARN_DIRECT_OBJC_ISA_USAGE = YES_ERROR;
				CLANG_WARN_DOCUMENTATION_COMMENTS = YES;
				CLANG_WARN_EMPTY_BODY = YES;
				CLANG_WARN_ENUM_CONVERSION = YES;
				CLANG_WARN_INFINITE_RECURSION = YES;
				CLANG_WARN_INT_CONVERSION = YES;
				CLANG_WARN_NON_LITERAL_NULL_CONVERSION = YES;
				CLANG_WARN_OBJC_IMPLICIT_RETAIN_SELF = YES;
				CLANG_WARN_OBJC_LITERAL_CONVERSION = YES;
				CLANG_WARN_OBJC_ROOT_CLASS = YES_ERROR;
				CLANG_WARN_RANGE_LOOP_ANALYSIS = YES;
				CLANG_WARN_STRICT_PROTOTYPES = YES;
				CLANG_WARN_SUSPICIOUS_MOVE = YES;
				CLANG_WARN_UNGUARDED_AVAILABILITY = YES_AGGRESSIVE;
				CLANG_WARN_UNREACHABLE_CODE = YES;
				CLANG_WARN__DUPLICATE_METHOD_MATCH = YES;
				CODE_SIGN_IDENTITY = "iPhone Developer";
				COPY_PHASE_STRIP = NO;
				DEBUG_INFORMATION_FORMAT = dwarf;
				ENABLE_STRICT_OBJC_MSGSEND = YES;
				ENABLE_TESTABILITY = YES;
				GCC_C_LANGUAGE_STANDARD = gnu11;
				GCC_DYNAMIC_NO_PIC = NO;
				GCC_NO_COMMON_BLOCKS = YES;
				GCC_OPTIMIZATION_LEVEL = 0;
				GCC_PREPROCESSOR_DEFINITIONS = (
					"DEBUG=1",
					"$(inherited)",
				);
				GCC_WARN_64_TO_32_BIT_CONVERSION = YES;
				GCC_WARN_ABOUT_RETURN_TYPE = YES_ERROR;
				GCC_WARN_UNDECLARED_SELECTOR = YES;
				GCC_WARN_UNINITIALIZED_AUTOS = YES_AGGRESSIVE;
				GCC_WARN_UNUSED_FUNCTION = YES;
				GCC_WARN_UNUSED_VARIABLE = YES;
				IPHONEOS_DEPLOYMENT_TARGET = 12.0;
				MTL_ENABLE_DEBUG_INFO = INCLUDE_SOURCE;
				MTL_FAST_MATH = YES;
				ONLY_ACTIVE_ARCH = YES;
				SDKROOT = iphoneos;
			};
			name = Debug;
		};
		786A155E21095F9100579785 /* Release */ = {
			isa = XCBuildConfiguration;
			buildSettings = {
				ALWAYS_SEARCH_USER_PATHS = NO;
				CLANG_ANALYZER_NONNULL = YES;
				CLANG_ANALYZER_NUMBER_OBJECT_CONVERSION = YES_AGGRESSIVE;
				CLANG_CXX_LANGUAGE_STANDARD = "gnu++14";
				CLANG_CXX_LIBRARY = "libc++";
				CLANG_ENABLE_MODULES = YES;
				CLANG_ENABLE_OBJC_ARC = YES;
				CLANG_ENABLE_OBJC_WEAK = YES;
				CLANG_WARN_BLOCK_CAPTURE_AUTORELEASING = YES;
				CLANG_WARN_BOOL_CONVERSION = YES;
				CLANG_WARN_COMMA = YES;
				CLANG_WARN_CONSTANT_CONVERSION = YES;
				CLANG_WARN_DEPRECATED_OBJC_IMPLEMENTATIONS = YES;
				CLANG_WARN_DIRECT_OBJC_ISA_USAGE = YES_ERROR;
				CLANG_WARN_DOCUMENTATION_COMMENTS = YES;
				CLANG_WARN_EMPTY_BODY = YES;
				CLANG_WARN_ENUM_CONVERSION = YES;
				CLANG_WARN_INFINITE_RECURSION = YES;
				CLANG_WARN_INT_CONVERSION = YES;
				CLANG_WARN_NON_LITERAL_NULL_CONVERSION = YES;
				CLANG_WARN_OBJC_IMPLICIT_RETAIN_SELF = YES;
				CLANG_WARN_OBJC_LITERAL_CONVERSION = YES;
				CLANG_WARN_OBJC_ROOT_CLASS = YES_ERROR;
				CLANG_WARN_RANGE_LOOP_ANALYSIS = YES;
				CLANG_WARN_STRICT_PROTOTYPES = YES;
				CLANG_WARN_SUSPICIOUS_MOVE = YES;
				CLANG_WARN_UNGUARDED_AVAILABILITY = YES_AGGRESSIVE;
				CLANG_WARN_UNREACHABLE_CODE = YES;
				CLANG_WARN__DUPLICATE_METHOD_MATCH = YES;
				CODE_SIGN_IDENTITY = "iPhone Developer";
				COPY_PHASE_STRIP = NO;
				DEBUG_INFORMATION_FORMAT = "dwarf-with-dsym";
				ENABLE_NS_ASSERTIONS = NO;
				ENABLE_STRICT_OBJC_MSGSEND = YES;
				GCC_C_LANGUAGE_STANDARD = gnu11;
				GCC_NO_COMMON_BLOCKS = YES;
				GCC_WARN_64_TO_32_BIT_CONVERSION = YES;
				GCC_WARN_ABOUT_RETURN_TYPE = YES_ERROR;
				GCC_WARN_UNDECLARED_SELECTOR = YES;
				GCC_WARN_UNINITIALIZED_AUTOS = YES_AGGRESSIVE;
				GCC_WARN_UNUSED_FUNCTION = YES;
				GCC_WARN_UNUSED_VARIABLE = YES;
				IPHONEOS_DEPLOYMENT_TARGET = 12.0;
				MTL_ENABLE_DEBUG_INFO = NO;
				MTL_FAST_MATH = YES;
				SDKROOT = iphoneos;
				VALIDATE_PRODUCT = YES;
			};
			name = Release;
		};
		786A156021095F9100579785 /* Debug */ = {
			isa = XCBuildConfiguration;
			baseConfigurationReference = A4D4E046BC53C66A70151BBF /* Pods-JXVideoPlayer.debug.xcconfig */;
			buildSettings = {
				ASSETCATALOG_COMPILER_APPICON_NAME = AppIcon;
				CODE_SIGN_STYLE = Automatic;
				DEVELOPMENT_TEAM = 74MF5V7Z8J;
				INFOPLIST_FILE = JXVideoPlayer/Info.plist;
				IPHONEOS_DEPLOYMENT_TARGET = 9.0;
				LD_RUNPATH_SEARCH_PATHS = (
					"$(inherited)",
					"@executable_path/Frameworks",
				);
				PRODUCT_BUNDLE_IDENTIFIER = com.longjianjiang.JXVideoPlayer;
				PRODUCT_NAME = "$(TARGET_NAME)";
				TARGETED_DEVICE_FAMILY = "1,2";
			};
			name = Debug;
		};
		786A156121095F9100579785 /* Release */ = {
			isa = XCBuildConfiguration;
			baseConfigurationReference = 34141D2F29534EB5DA1EA243 /* Pods-JXVideoPlayer.release.xcconfig */;
			buildSettings = {
				ASSETCATALOG_COMPILER_APPICON_NAME = AppIcon;
				CODE_SIGN_STYLE = Automatic;
				DEVELOPMENT_TEAM = 74MF5V7Z8J;
				INFOPLIST_FILE = JXVideoPlayer/Info.plist;
				IPHONEOS_DEPLOYMENT_TARGET = 9.0;
				LD_RUNPATH_SEARCH_PATHS = (
					"$(inherited)",
					"@executable_path/Frameworks",
				);
				PRODUCT_BUNDLE_IDENTIFIER = com.longjianjiang.JXVideoPlayer;
				PRODUCT_NAME = "$(TARGET_NAME)";
				TARGETED_DEVICE_FAMILY = "1,2";
			};
			name = Release;
		};
/* End XCBuildConfiguration section */

/* Begin XCConfigurationList section */
		786A154421095F9000579785 /* Build configuration list for PBXProject "JXVideoPlayer" */ = {
			isa = XCConfigurationList;
			buildConfigurations = (
				786A155D21095F9100579785 /* Debug */,
				786A155E21095F9100579785 /* Release */,
			);
			defaultConfigurationIsVisible = 0;
			defaultConfigurationName = Release;
		};
		786A155F21095F9100579785 /* Build configuration list for PBXNativeTarget "JXVideoPlayer" */ = {
			isa = XCConfigurationList;
			buildConfigurations = (
				786A156021095F9100579785 /* Debug */,
				786A156121095F9100579785 /* Release */,
			);
			defaultConfigurationIsVisible = 0;
			defaultConfigurationName = Release;
		};
/* End XCConfigurationList section */
	};
	rootObject = 786A154121095F9000579785 /* Project object */;
}
